// !$*UTF8*$!
{
	archiveVersion = 1;
	classes = {
	};
	objectVersion = 51;
	objects = {

/* Begin PBXBuildFile section */
		156E292BA566B6E93EF59E9E /* Pods_PomodoroApp.framework in Frameworks */ = {isa = PBXBuildFile; fileRef = 95BB77E6828E00C7BC43B6CD /* Pods_PomodoroApp.framework */; };
		467ABE00E9A1A06D6250308C /* Pods_PomodoroApp_PomodoroAppUITests.framework in Frameworks */ = {isa = PBXBuildFile; fileRef = 1EFDF10866CB73089751E092 /* Pods_PomodoroApp_PomodoroAppUITests.framework */; };
		7C0E1F9925670F8D009019BB /* GoogleService-Info.plist in Resources */ = {isa = PBXBuildFile; fileRef = 7C0E1F9825670F8D009019BB /* GoogleService-Info.plist */; };
		7C0E2004256829A0009019BB /* AdmobView.swift in Sources */ = {isa = PBXBuildFile; fileRef = 7C0E2003256829A0009019BB /* AdmobView.swift */; };
		7C4422232549D263009743F8 /* Icon.png in Resources */ = {isa = PBXBuildFile; fileRef = 7C4422222549D263009743F8 /* Icon.png */; };
		7C9E1AE7250FACF10012BBDF /* NotificationHandler.swift in Sources */ = {isa = PBXBuildFile; fileRef = 7C9E1AE6250FACF10012BBDF /* NotificationHandler.swift */; };
		7CB85EA7257D42DD00F2F9CF /* Localizable.strings in Resources */ = {isa = PBXBuildFile; fileRef = 7CB85EA9257D42DD00F2F9CF /* Localizable.strings */; };
		7CBB3B3624CCC9E000401A1D /* AppDelegate.swift in Sources */ = {isa = PBXBuildFile; fileRef = 7CBB3B3524CCC9E000401A1D /* AppDelegate.swift */; };
		7CBB3B3824CCC9E000401A1D /* SceneDelegate.swift in Sources */ = {isa = PBXBuildFile; fileRef = 7CBB3B3724CCC9E000401A1D /* SceneDelegate.swift */; };
		7CBB3B3A24CCC9E000401A1D /* ContentView.swift in Sources */ = {isa = PBXBuildFile; fileRef = 7CBB3B3924CCC9E000401A1D /* ContentView.swift */; };
		7CBB3B3C24CCC9E200401A1D /* Assets.xcassets in Resources */ = {isa = PBXBuildFile; fileRef = 7CBB3B3B24CCC9E200401A1D /* Assets.xcassets */; };
		7CBB3B3F24CCC9E200401A1D /* Preview Assets.xcassets in Resources */ = {isa = PBXBuildFile; fileRef = 7CBB3B3E24CCC9E200401A1D /* Preview Assets.xcassets */; };
		7CBB3B4224CCC9E200401A1D /* LaunchScreen.storyboard in Resources */ = {isa = PBXBuildFile; fileRef = 7CBB3B4024CCC9E200401A1D /* LaunchScreen.storyboard */; };
		7CBB3B4D24CCC9E200401A1D /* PomodoroAppTests.swift in Sources */ = {isa = PBXBuildFile; fileRef = 7CBB3B4C24CCC9E200401A1D /* PomodoroAppTests.swift */; };
		7CBB3B5824CCC9E200401A1D /* PomodoroAppUITests.swift in Sources */ = {isa = PBXBuildFile; fileRef = 7CBB3B5724CCC9E200401A1D /* PomodoroAppUITests.swift */; };
		9D415EB8791F4F36AC2D73E0 /* Pods_PomodoroAppTests.framework in Frameworks */ = {isa = PBXBuildFile; fileRef = 1732FC00DED33858263B3F86 /* Pods_PomodoroAppTests.framework */; };
/* End PBXBuildFile section */

/* Begin PBXContainerItemProxy section */
		7CBB3B4924CCC9E200401A1D /* PBXContainerItemProxy */ = {
			isa = PBXContainerItemProxy;
			containerPortal = 7CBB3B2A24CCC9E000401A1D /* Project object */;
			proxyType = 1;
			remoteGlobalIDString = 7CBB3B3124CCC9E000401A1D;
			remoteInfo = PomodoroApp;
		};
		7CBB3B5424CCC9E200401A1D /* PBXContainerItemProxy */ = {
			isa = PBXContainerItemProxy;
			containerPortal = 7CBB3B2A24CCC9E000401A1D /* Project object */;
			proxyType = 1;
			remoteGlobalIDString = 7CBB3B3124CCC9E000401A1D;
			remoteInfo = PomodoroApp;
		};
/* End PBXContainerItemProxy section */

/* Begin PBXFileReference section */
		1732FC00DED33858263B3F86 /* Pods_PomodoroAppTests.framework */ = {isa = PBXFileReference; explicitFileType = wrapper.framework; includeInIndex = 0; path = Pods_PomodoroAppTests.framework; sourceTree = BUILT_PRODUCTS_DIR; };
		1EFDF10866CB73089751E092 /* Pods_PomodoroApp_PomodoroAppUITests.framework */ = {isa = PBXFileReference; explicitFileType = wrapper.framework; includeInIndex = 0; path = Pods_PomodoroApp_PomodoroAppUITests.framework; sourceTree = BUILT_PRODUCTS_DIR; };
		66E7F9A3BA778701FF8991C2 /* Pods-PomodoroApp.debug.xcconfig */ = {isa = PBXFileReference; includeInIndex = 1; lastKnownFileType = text.xcconfig; name = "Pods-PomodoroApp.debug.xcconfig"; path = "Target Support Files/Pods-PomodoroApp/Pods-PomodoroApp.debug.xcconfig"; sourceTree = "<group>"; };
		69CAE2FAC33844254DD2D917 /* Pods-PomodoroAppTests.debug.xcconfig */ = {isa = PBXFileReference; includeInIndex = 1; lastKnownFileType = text.xcconfig; name = "Pods-PomodoroAppTests.debug.xcconfig"; path = "Target Support Files/Pods-PomodoroAppTests/Pods-PomodoroAppTests.debug.xcconfig"; sourceTree = "<group>"; };
		7C0E1F9825670F8D009019BB /* GoogleService-Info.plist */ = {isa = PBXFileReference; fileEncoding = 4; lastKnownFileType = text.plist.xml; path = "GoogleService-Info.plist"; sourceTree = "<group>"; };
		7C0E2003256829A0009019BB /* AdmobView.swift */ = {isa = PBXFileReference; lastKnownFileType = sourcecode.swift; path = AdmobView.swift; sourceTree = "<group>"; };
		7C4422222549D263009743F8 /* Icon.png */ = {isa = PBXFileReference; lastKnownFileType = image.png; path = Icon.png; sourceTree = "<group>"; };
		7C9E1AE6250FACF10012BBDF /* NotificationHandler.swift */ = {isa = PBXFileReference; lastKnownFileType = sourcecode.swift; path = NotificationHandler.swift; sourceTree = "<group>"; };
		7CB85EA8257D42DD00F2F9CF /* en */ = {isa = PBXFileReference; lastKnownFileType = text.plist.strings; name = en; path = en.lproj/Localizable.strings; sourceTree = "<group>"; };
		7CB85EAD257D42F600F2F9CF /* ja */ = {isa = PBXFileReference; lastKnownFileType = text.plist.strings; name = ja; path = ja.lproj/Localizable.strings; sourceTree = "<group>"; };
		7CBB3B3224CCC9E000401A1D /* PomodoroApp.app */ = {isa = PBXFileReference; explicitFileType = wrapper.application; includeInIndex = 0; path = PomodoroApp.app; sourceTree = BUILT_PRODUCTS_DIR; };
		7CBB3B3524CCC9E000401A1D /* AppDelegate.swift */ = {isa = PBXFileReference; lastKnownFileType = sourcecode.swift; path = AppDelegate.swift; sourceTree = "<group>"; };
		7CBB3B3724CCC9E000401A1D /* SceneDelegate.swift */ = {isa = PBXFileReference; lastKnownFileType = sourcecode.swift; path = SceneDelegate.swift; sourceTree = "<group>"; };
		7CBB3B3924CCC9E000401A1D /* ContentView.swift */ = {isa = PBXFileReference; lastKnownFileType = sourcecode.swift; path = ContentView.swift; sourceTree = "<group>"; };
		7CBB3B3B24CCC9E200401A1D /* Assets.xcassets */ = {isa = PBXFileReference; lastKnownFileType = folder.assetcatalog; path = Assets.xcassets; sourceTree = "<group>"; };
		7CBB3B3E24CCC9E200401A1D /* Preview Assets.xcassets */ = {isa = PBXFileReference; lastKnownFileType = folder.assetcatalog; path = "Preview Assets.xcassets"; sourceTree = "<group>"; };
		7CBB3B4124CCC9E200401A1D /* Base */ = {isa = PBXFileReference; lastKnownFileType = file.storyboard; name = Base; path = Base.lproj/LaunchScreen.storyboard; sourceTree = "<group>"; };
		7CBB3B4324CCC9E200401A1D /* Info.plist */ = {isa = PBXFileReference; lastKnownFileType = text.plist.xml; path = Info.plist; sourceTree = "<group>"; };
		7CBB3B4824CCC9E200401A1D /* PomodoroAppTests.xctest */ = {isa = PBXFileReference; explicitFileType = wrapper.cfbundle; includeInIndex = 0; path = PomodoroAppTests.xctest; sourceTree = BUILT_PRODUCTS_DIR; };
		7CBB3B4C24CCC9E200401A1D /* PomodoroAppTests.swift */ = {isa = PBXFileReference; lastKnownFileType = sourcecode.swift; path = PomodoroAppTests.swift; sourceTree = "<group>"; };
		7CBB3B4E24CCC9E200401A1D /* Info.plist */ = {isa = PBXFileReference; lastKnownFileType = text.plist.xml; path = Info.plist; sourceTree = "<group>"; };
		7CBB3B5324CCC9E200401A1D /* PomodoroAppUITests.xctest */ = {isa = PBXFileReference; explicitFileType = wrapper.cfbundle; includeInIndex = 0; path = PomodoroAppUITests.xctest; sourceTree = BUILT_PRODUCTS_DIR; };
		7CBB3B5724CCC9E200401A1D /* PomodoroAppUITests.swift */ = {isa = PBXFileReference; lastKnownFileType = sourcecode.swift; path = PomodoroAppUITests.swift; sourceTree = "<group>"; };
		7CBB3B5924CCC9E200401A1D /* Info.plist */ = {isa = PBXFileReference; lastKnownFileType = text.plist.xml; path = Info.plist; sourceTree = "<group>"; };
		95BB77E6828E00C7BC43B6CD /* Pods_PomodoroApp.framework */ = {isa = PBXFileReference; explicitFileType = wrapper.framework; includeInIndex = 0; path = Pods_PomodoroApp.framework; sourceTree = BUILT_PRODUCTS_DIR; };
		A28557C6169F0773570D0403 /* Pods-PomodoroApp.release.xcconfig */ = {isa = PBXFileReference; includeInIndex = 1; lastKnownFileType = text.xcconfig; name = "Pods-PomodoroApp.release.xcconfig"; path = "Target Support Files/Pods-PomodoroApp/Pods-PomodoroApp.release.xcconfig"; sourceTree = "<group>"; };
		ACD8167DCEB35574DCA97568 /* Pods-PomodoroApp-PomodoroAppUITests.release.xcconfig */ = {isa = PBXFileReference; includeInIndex = 1; lastKnownFileType = text.xcconfig; name = "Pods-PomodoroApp-PomodoroAppUITests.release.xcconfig"; path = "Target Support Files/Pods-PomodoroApp-PomodoroAppUITests/Pods-PomodoroApp-PomodoroAppUITests.release.xcconfig"; sourceTree = "<group>"; };
		C484E59D88EFD258EFE20170 /* Pods-PomodoroApp-PomodoroAppUITests.debug.xcconfig */ = {isa = PBXFileReference; includeInIndex = 1; lastKnownFileType = text.xcconfig; name = "Pods-PomodoroApp-PomodoroAppUITests.debug.xcconfig"; path = "Target Support Files/Pods-PomodoroApp-PomodoroAppUITests/Pods-PomodoroApp-PomodoroAppUITests.debug.xcconfig"; sourceTree = "<group>"; };
		C9F6E8B4340975EB4B1CDEA0 /* Pods-PomodoroAppTests.release.xcconfig */ = {isa = PBXFileReference; includeInIndex = 1; lastKnownFileType = text.xcconfig; name = "Pods-PomodoroAppTests.release.xcconfig"; path = "Target Support Files/Pods-PomodoroAppTests/Pods-PomodoroAppTests.release.xcconfig"; sourceTree = "<group>"; };
/* End PBXFileReference section */

/* Begin PBXFrameworksBuildPhase section */
		7CBB3B2F24CCC9E000401A1D /* Frameworks */ = {
			isa = PBXFrameworksBuildPhase;
			buildActionMask = 2147483647;
			files = (
				156E292BA566B6E93EF59E9E /* Pods_PomodoroApp.framework in Frameworks */,
			);
			runOnlyForDeploymentPostprocessing = 0;
		};
		7CBB3B4524CCC9E200401A1D /* Frameworks */ = {
			isa = PBXFrameworksBuildPhase;
			buildActionMask = 2147483647;
			files = (
				9D415EB8791F4F36AC2D73E0 /* Pods_PomodoroAppTests.framework in Frameworks */,
			);
			runOnlyForDeploymentPostprocessing = 0;
		};
		7CBB3B5024CCC9E200401A1D /* Frameworks */ = {
			isa = PBXFrameworksBuildPhase;
			buildActionMask = 2147483647;
			files = (
				467ABE00E9A1A06D6250308C /* Pods_PomodoroApp_PomodoroAppUITests.framework in Frameworks */,
			);
			runOnlyForDeploymentPostprocessing = 0;
		};
/* End PBXFrameworksBuildPhase section */

/* Begin PBXGroup section */
		7C4422212549D24B009743F8 /* Assets */ = {
			isa = PBXGroup;
			children = (
				7C4422222549D263009743F8 /* Icon.png */,
			);
			path = Assets;
			sourceTree = "<group>";
		};
		7CBB3B2924CCC9E000401A1D = {
			isa = PBXGroup;
			children = (
				7CBB3B3424CCC9E000401A1D /* PomodoroApp */,
				7CBB3B4B24CCC9E200401A1D /* PomodoroAppTests */,
				7CBB3B5624CCC9E200401A1D /* PomodoroAppUITests */,
				7CBB3B3324CCC9E000401A1D /* Products */,
				EF027460773FF398E88FD16A /* Pods */,
				A1F7064D4E21E1DDB2B87117 /* Frameworks */,
			);
			sourceTree = "<group>";
		};
		7CBB3B3324CCC9E000401A1D /* Products */ = {
			isa = PBXGroup;
			children = (
				7CBB3B3224CCC9E000401A1D /* PomodoroApp.app */,
				7CBB3B4824CCC9E200401A1D /* PomodoroAppTests.xctest */,
				7CBB3B5324CCC9E200401A1D /* PomodoroAppUITests.xctest */,
			);
			name = Products;
			sourceTree = "<group>";
		};
		7CBB3B3424CCC9E000401A1D /* PomodoroApp */ = {
			isa = PBXGroup;
			children = (
				7C0E1F9825670F8D009019BB /* GoogleService-Info.plist */,
				7C4422212549D24B009743F8 /* Assets */,
				7CBB3B3524CCC9E000401A1D /* AppDelegate.swift */,
				7CBB3B3724CCC9E000401A1D /* SceneDelegate.swift */,
				7CBB3B3924CCC9E000401A1D /* ContentView.swift */,
				7C9E1AE6250FACF10012BBDF /* NotificationHandler.swift */,
				7CBB3B3B24CCC9E200401A1D /* Assets.xcassets */,
				7CBB3B4024CCC9E200401A1D /* LaunchScreen.storyboard */,
				7CB85EA9257D42DD00F2F9CF /* Localizable.strings */,
				7CBB3B4324CCC9E200401A1D /* Info.plist */,
				7C0E2003256829A0009019BB /* AdmobView.swift */,
				7CBB3B3D24CCC9E200401A1D /* Preview Content */,
			);
			path = PomodoroApp;
			sourceTree = "<group>";
		};
		7CBB3B3D24CCC9E200401A1D /* Preview Content */ = {
			isa = PBXGroup;
			children = (
				7CBB3B3E24CCC9E200401A1D /* Preview Assets.xcassets */,
			);
			path = "Preview Content";
			sourceTree = "<group>";
		};
		7CBB3B4B24CCC9E200401A1D /* PomodoroAppTests */ = {
			isa = PBXGroup;
			children = (
				7CBB3B4C24CCC9E200401A1D /* PomodoroAppTests.swift */,
				7CBB3B4E24CCC9E200401A1D /* Info.plist */,
			);
			path = PomodoroAppTests;
			sourceTree = "<group>";
		};
		7CBB3B5624CCC9E200401A1D /* PomodoroAppUITests */ = {
			isa = PBXGroup;
			children = (
				7CBB3B5724CCC9E200401A1D /* PomodoroAppUITests.swift */,
				7CBB3B5924CCC9E200401A1D /* Info.plist */,
			);
			path = PomodoroAppUITests;
			sourceTree = "<group>";
		};
		A1F7064D4E21E1DDB2B87117 /* Frameworks */ = {
			isa = PBXGroup;
			children = (
				95BB77E6828E00C7BC43B6CD /* Pods_PomodoroApp.framework */,
				1EFDF10866CB73089751E092 /* Pods_PomodoroApp_PomodoroAppUITests.framework */,
				1732FC00DED33858263B3F86 /* Pods_PomodoroAppTests.framework */,
			);
			name = Frameworks;
			sourceTree = "<group>";
		};
		EF027460773FF398E88FD16A /* Pods */ = {
			isa = PBXGroup;
			children = (
				66E7F9A3BA778701FF8991C2 /* Pods-PomodoroApp.debug.xcconfig */,
				A28557C6169F0773570D0403 /* Pods-PomodoroApp.release.xcconfig */,
				C484E59D88EFD258EFE20170 /* Pods-PomodoroApp-PomodoroAppUITests.debug.xcconfig */,
				ACD8167DCEB35574DCA97568 /* Pods-PomodoroApp-PomodoroAppUITests.release.xcconfig */,
				69CAE2FAC33844254DD2D917 /* Pods-PomodoroAppTests.debug.xcconfig */,
				C9F6E8B4340975EB4B1CDEA0 /* Pods-PomodoroAppTests.release.xcconfig */,
			);
			path = Pods;
			sourceTree = "<group>";
		};
/* End PBXGroup section */

/* Begin PBXNativeTarget section */
		7CBB3B3124CCC9E000401A1D /* PomodoroApp */ = {
			isa = PBXNativeTarget;
			buildConfigurationList = 7CBB3B5C24CCC9E200401A1D /* Build configuration list for PBXNativeTarget "PomodoroApp" */;
			buildPhases = (
				75721C1511F803E03CA91803 /* [CP] Check Pods Manifest.lock */,
				7CBB3B2E24CCC9E000401A1D /* Sources */,
				7CBB3B2F24CCC9E000401A1D /* Frameworks */,
				7CBB3B3024CCC9E000401A1D /* Resources */,
				C61271D71760B4AF2F5E3DDE /* [CP] Embed Pods Frameworks */,
			);
			buildRules = (
			);
			dependencies = (
			);
			name = PomodoroApp;
			productName = PomodoroApp;
			productReference = 7CBB3B3224CCC9E000401A1D /* PomodoroApp.app */;
			productType = "com.apple.product-type.application";
		};
		7CBB3B4724CCC9E200401A1D /* PomodoroAppTests */ = {
			isa = PBXNativeTarget;
			buildConfigurationList = 7CBB3B5F24CCC9E200401A1D /* Build configuration list for PBXNativeTarget "PomodoroAppTests" */;
			buildPhases = (
				35563FF44B571FA12D8F3F93 /* [CP] Check Pods Manifest.lock */,
				7CBB3B4424CCC9E200401A1D /* Sources */,
				7CBB3B4524CCC9E200401A1D /* Frameworks */,
				7CBB3B4624CCC9E200401A1D /* Resources */,
			);
			buildRules = (
			);
			dependencies = (
				7CBB3B4A24CCC9E200401A1D /* PBXTargetDependency */,
			);
			name = PomodoroAppTests;
			productName = PomodoroAppTests;
			productReference = 7CBB3B4824CCC9E200401A1D /* PomodoroAppTests.xctest */;
			productType = "com.apple.product-type.bundle.unit-test";
		};
		7CBB3B5224CCC9E200401A1D /* PomodoroAppUITests */ = {
			isa = PBXNativeTarget;
			buildConfigurationList = 7CBB3B6224CCC9E200401A1D /* Build configuration list for PBXNativeTarget "PomodoroAppUITests" */;
			buildPhases = (
				AC7AF1D8707F05A169BB4214 /* [CP] Check Pods Manifest.lock */,
				7CBB3B4F24CCC9E200401A1D /* Sources */,
				7CBB3B5024CCC9E200401A1D /* Frameworks */,
				7CBB3B5124CCC9E200401A1D /* Resources */,
				D2AE6B5A98024070C7DF5256 /* [CP] Embed Pods Frameworks */,
			);
			buildRules = (
			);
			dependencies = (
				7CBB3B5524CCC9E200401A1D /* PBXTargetDependency */,
			);
			name = PomodoroAppUITests;
			productName = PomodoroAppUITests;
			productReference = 7CBB3B5324CCC9E200401A1D /* PomodoroAppUITests.xctest */;
			productType = "com.apple.product-type.bundle.ui-testing";
		};
/* End PBXNativeTarget section */

/* Begin PBXProject section */
		7CBB3B2A24CCC9E000401A1D /* Project object */ = {
			isa = PBXProject;
			attributes = {
				LastSwiftUpdateCheck = 1140;
				LastUpgradeCheck = 1210;
				ORGANIZATIONNAME = "Kotaro Suto";
				TargetAttributes = {
					7CBB3B3124CCC9E000401A1D = {
						CreatedOnToolsVersion = 11.4;
					};
					7CBB3B4724CCC9E200401A1D = {
						CreatedOnToolsVersion = 11.4;
						TestTargetID = 7CBB3B3124CCC9E000401A1D;
					};
					7CBB3B5224CCC9E200401A1D = {
						CreatedOnToolsVersion = 11.4;
						TestTargetID = 7CBB3B3124CCC9E000401A1D;
					};
				};
			};
			buildConfigurationList = 7CBB3B2D24CCC9E000401A1D /* Build configuration list for PBXProject "PomodoroApp" */;
			compatibilityVersion = "Xcode 9.3";
			developmentRegion = en;
			hasScannedForEncodings = 0;
			knownRegions = (
				en,
				Base,
				ja,
			);
			mainGroup = 7CBB3B2924CCC9E000401A1D;
			productRefGroup = 7CBB3B3324CCC9E000401A1D /* Products */;
			projectDirPath = "";
			projectRoot = "";
			targets = (
				7CBB3B3124CCC9E000401A1D /* PomodoroApp */,
				7CBB3B4724CCC9E200401A1D /* PomodoroAppTests */,
				7CBB3B5224CCC9E200401A1D /* PomodoroAppUITests */,
			);
		};
/* End PBXProject section */

/* Begin PBXResourcesBuildPhase section */
		7CBB3B3024CCC9E000401A1D /* Resources */ = {
			isa = PBXResourcesBuildPhase;
			buildActionMask = 2147483647;
			files = (
				7C4422232549D263009743F8 /* Icon.png in Resources */,
				7CB85EA7257D42DD00F2F9CF /* Localizable.strings in Resources */,
				7CBB3B4224CCC9E200401A1D /* LaunchScreen.storyboard in Resources */,
				7C0E1F9925670F8D009019BB /* GoogleService-Info.plist in Resources */,
				7CBB3B3F24CCC9E200401A1D /* Preview Assets.xcassets in Resources */,
				7CBB3B3C24CCC9E200401A1D /* Assets.xcassets in Resources */,
			);
			runOnlyForDeploymentPostprocessing = 0;
		};
		7CBB3B4624CCC9E200401A1D /* Resources */ = {
			isa = PBXResourcesBuildPhase;
			buildActionMask = 2147483647;
			files = (
			);
			runOnlyForDeploymentPostprocessing = 0;
		};
		7CBB3B5124CCC9E200401A1D /* Resources */ = {
			isa = PBXResourcesBuildPhase;
			buildActionMask = 2147483647;
			files = (
			);
			runOnlyForDeploymentPostprocessing = 0;
		};
/* End PBXResourcesBuildPhase section */

/* Begin PBXShellScriptBuildPhase section */
		35563FF44B571FA12D8F3F93 /* [CP] Check Pods Manifest.lock */ = {
			isa = PBXShellScriptBuildPhase;
			buildActionMask = 2147483647;
			files = (
			);
			inputFileListPaths = (
			);
			inputPaths = (
				"${PODS_PODFILE_DIR_PATH}/Podfile.lock",
				"${PODS_ROOT}/Manifest.lock",
			);
			name = "[CP] Check Pods Manifest.lock";
			outputFileListPaths = (
			);
			outputPaths = (
				"$(DERIVED_FILE_DIR)/Pods-PomodoroAppTests-checkManifestLockResult.txt",
			);
			runOnlyForDeploymentPostprocessing = 0;
			shellPath = /bin/sh;
			shellScript = "diff \"${PODS_PODFILE_DIR_PATH}/Podfile.lock\" \"${PODS_ROOT}/Manifest.lock\" > /dev/null\nif [ $? != 0 ] ; then\n    # print error to STDERR\n    echo \"error: The sandbox is not in sync with the Podfile.lock. Run 'pod install' or update your CocoaPods installation.\" >&2\n    exit 1\nfi\n# This output is used by Xcode 'outputs' to avoid re-running this script phase.\necho \"SUCCESS\" > \"${SCRIPT_OUTPUT_FILE_0}\"\n";
			showEnvVarsInLog = 0;
		};
		75721C1511F803E03CA91803 /* [CP] Check Pods Manifest.lock */ = {
			isa = PBXShellScriptBuildPhase;
			buildActionMask = 2147483647;
			files = (
			);
			inputFileListPaths = (
			);
			inputPaths = (
				"${PODS_PODFILE_DIR_PATH}/Podfile.lock",
				"${PODS_ROOT}/Manifest.lock",
			);
			name = "[CP] Check Pods Manifest.lock";
			outputFileListPaths = (
			);
			outputPaths = (
				"$(DERIVED_FILE_DIR)/Pods-PomodoroApp-checkManifestLockResult.txt",
			);
			runOnlyForDeploymentPostprocessing = 0;
			shellPath = /bin/sh;
			shellScript = "diff \"${PODS_PODFILE_DIR_PATH}/Podfile.lock\" \"${PODS_ROOT}/Manifest.lock\" > /dev/null\nif [ $? != 0 ] ; then\n    # print error to STDERR\n    echo \"error: The sandbox is not in sync with the Podfile.lock. Run 'pod install' or update your CocoaPods installation.\" >&2\n    exit 1\nfi\n# This output is used by Xcode 'outputs' to avoid re-running this script phase.\necho \"SUCCESS\" > \"${SCRIPT_OUTPUT_FILE_0}\"\n";
			showEnvVarsInLog = 0;
		};
		AC7AF1D8707F05A169BB4214 /* [CP] Check Pods Manifest.lock */ = {
			isa = PBXShellScriptBuildPhase;
			buildActionMask = 2147483647;
			files = (
			);
			inputFileListPaths = (
			);
			inputPaths = (
				"${PODS_PODFILE_DIR_PATH}/Podfile.lock",
				"${PODS_ROOT}/Manifest.lock",
			);
			name = "[CP] Check Pods Manifest.lock";
			outputFileListPaths = (
			);
			outputPaths = (
				"$(DERIVED_FILE_DIR)/Pods-PomodoroApp-PomodoroAppUITests-checkManifestLockResult.txt",
			);
			runOnlyForDeploymentPostprocessing = 0;
			shellPath = /bin/sh;
			shellScript = "diff \"${PODS_PODFILE_DIR_PATH}/Podfile.lock\" \"${PODS_ROOT}/Manifest.lock\" > /dev/null\nif [ $? != 0 ] ; then\n    # print error to STDERR\n    echo \"error: The sandbox is not in sync with the Podfile.lock. Run 'pod install' or update your CocoaPods installation.\" >&2\n    exit 1\nfi\n# This output is used by Xcode 'outputs' to avoid re-running this script phase.\necho \"SUCCESS\" > \"${SCRIPT_OUTPUT_FILE_0}\"\n";
			showEnvVarsInLog = 0;
		};
		C61271D71760B4AF2F5E3DDE /* [CP] Embed Pods Frameworks */ = {
			isa = PBXShellScriptBuildPhase;
			buildActionMask = 2147483647;
			files = (
			);
			inputFileListPaths = (
				"${PODS_ROOT}/Target Support Files/Pods-PomodoroApp/Pods-PomodoroApp-frameworks-${CONFIGURATION}-input-files.xcfilelist",
			);
			name = "[CP] Embed Pods Frameworks";
			outputFileListPaths = (
				"${PODS_ROOT}/Target Support Files/Pods-PomodoroApp/Pods-PomodoroApp-frameworks-${CONFIGURATION}-output-files.xcfilelist",
			);
			runOnlyForDeploymentPostprocessing = 0;
			shellPath = /bin/sh;
			shellScript = "\"${PODS_ROOT}/Target Support Files/Pods-PomodoroApp/Pods-PomodoroApp-frameworks.sh\"\n";
			showEnvVarsInLog = 0;
		};
		D2AE6B5A98024070C7DF5256 /* [CP] Embed Pods Frameworks */ = {
			isa = PBXShellScriptBuildPhase;
			buildActionMask = 2147483647;
			files = (
			);
			inputFileListPaths = (
				"${PODS_ROOT}/Target Support Files/Pods-PomodoroApp-PomodoroAppUITests/Pods-PomodoroApp-PomodoroAppUITests-frameworks-${CONFIGURATION}-input-files.xcfilelist",
			);
			name = "[CP] Embed Pods Frameworks";
			outputFileListPaths = (
				"${PODS_ROOT}/Target Support Files/Pods-PomodoroApp-PomodoroAppUITests/Pods-PomodoroApp-PomodoroAppUITests-frameworks-${CONFIGURATION}-output-files.xcfilelist",
			);
			runOnlyForDeploymentPostprocessing = 0;
			shellPath = /bin/sh;
			shellScript = "\"${PODS_ROOT}/Target Support Files/Pods-PomodoroApp-PomodoroAppUITests/Pods-PomodoroApp-PomodoroAppUITests-frameworks.sh\"\n";
			showEnvVarsInLog = 0;
		};
/* End PBXShellScriptBuildPhase section */

/* Begin PBXSourcesBuildPhase section */
		7CBB3B2E24CCC9E000401A1D /* Sources */ = {
			isa = PBXSourcesBuildPhase;
			buildActionMask = 2147483647;
			files = (
				7CBB3B3624CCC9E000401A1D /* AppDelegate.swift in Sources */,
				7C9E1AE7250FACF10012BBDF /* NotificationHandler.swift in Sources */,
				7C0E2004256829A0009019BB /* AdmobView.swift in Sources */,
				7CBB3B3824CCC9E000401A1D /* SceneDelegate.swift in Sources */,
				7CBB3B3A24CCC9E000401A1D /* ContentView.swift in Sources */,
			);
			runOnlyForDeploymentPostprocessing = 0;
		};
		7CBB3B4424CCC9E200401A1D /* Sources */ = {
			isa = PBXSourcesBuildPhase;
			buildActionMask = 2147483647;
			files = (
				7CBB3B4D24CCC9E200401A1D /* PomodoroAppTests.swift in Sources */,
			);
			runOnlyForDeploymentPostprocessing = 0;
		};
		7CBB3B4F24CCC9E200401A1D /* Sources */ = {
			isa = PBXSourcesBuildPhase;
			buildActionMask = 2147483647;
			files = (
				7CBB3B5824CCC9E200401A1D /* PomodoroAppUITests.swift in Sources */,
			);
			runOnlyForDeploymentPostprocessing = 0;
		};
/* End PBXSourcesBuildPhase section */

/* Begin PBXTargetDependency section */
		7CBB3B4A24CCC9E200401A1D /* PBXTargetDependency */ = {
			isa = PBXTargetDependency;
			target = 7CBB3B3124CCC9E000401A1D /* PomodoroApp */;
			targetProxy = 7CBB3B4924CCC9E200401A1D /* PBXContainerItemProxy */;
		};
		7CBB3B5524CCC9E200401A1D /* PBXTargetDependency */ = {
			isa = PBXTargetDependency;
			target = 7CBB3B3124CCC9E000401A1D /* PomodoroApp */;
			targetProxy = 7CBB3B5424CCC9E200401A1D /* PBXContainerItemProxy */;
		};
/* End PBXTargetDependency section */

/* Begin PBXVariantGroup section */
		7CB85EA9257D42DD00F2F9CF /* Localizable.strings */ = {
			isa = PBXVariantGroup;
			children = (
				7CB85EA8257D42DD00F2F9CF /* en */,
				7CB85EAD257D42F600F2F9CF /* ja */,
			);
			name = Localizable.strings;
			sourceTree = "<group>";
		};
		7CBB3B4024CCC9E200401A1D /* LaunchScreen.storyboard */ = {
			isa = PBXVariantGroup;
			children = (
				7CBB3B4124CCC9E200401A1D /* Base */,
			);
			name = LaunchScreen.storyboard;
			sourceTree = "<group>";
		};
/* End PBXVariantGroup section */

/* Begin XCBuildConfiguration section */
		7CBB3B5A24CCC9E200401A1D /* Debug */ = {
			isa = XCBuildConfiguration;
			buildSettings = {
				ALWAYS_SEARCH_USER_PATHS = NO;
				CLANG_ANALYZER_LOCALIZABILITY_NONLOCALIZED = YES;
				CLANG_ANALYZER_NONNULL = YES;
				CLANG_ANALYZER_NUMBER_OBJECT_CONVERSION = YES_AGGRESSIVE;
				CLANG_CXX_LANGUAGE_STANDARD = "gnu++14";
				CLANG_CXX_LIBRARY = "libc++";
				CLANG_ENABLE_MODULES = YES;
				CLANG_ENABLE_OBJC_ARC = YES;
				CLANG_ENABLE_OBJC_WEAK = YES;
				CLANG_WARN_BLOCK_CAPTURE_AUTORELEASING = YES;
				CLANG_WARN_BOOL_CONVERSION = YES;
				CLANG_WARN_COMMA = YES;
				CLANG_WARN_CONSTANT_CONVERSION = YES;
				CLANG_WARN_DEPRECATED_OBJC_IMPLEMENTATIONS = YES;
				CLANG_WARN_DIRECT_OBJC_ISA_USAGE = YES_ERROR;
				CLANG_WARN_DOCUMENTATION_COMMENTS = YES;
				CLANG_WARN_EMPTY_BODY = YES;
				CLANG_WARN_ENUM_CONVERSION = YES;
				CLANG_WARN_INFINITE_RECURSION = YES;
				CLANG_WARN_INT_CONVERSION = YES;
				CLANG_WARN_NON_LITERAL_NULL_CONVERSION = YES;
				CLANG_WARN_OBJC_IMPLICIT_RETAIN_SELF = YES;
				CLANG_WARN_OBJC_LITERAL_CONVERSION = YES;
				CLANG_WARN_OBJC_ROOT_CLASS = YES_ERROR;
				CLANG_WARN_QUOTED_INCLUDE_IN_FRAMEWORK_HEADER = YES;
				CLANG_WARN_RANGE_LOOP_ANALYSIS = YES;
				CLANG_WARN_STRICT_PROTOTYPES = YES;
				CLANG_WARN_SUSPICIOUS_MOVE = YES;
				CLANG_WARN_UNGUARDED_AVAILABILITY = YES_AGGRESSIVE;
				CLANG_WARN_UNREACHABLE_CODE = YES;
				CLANG_WARN__DUPLICATE_METHOD_MATCH = YES;
				COPY_PHASE_STRIP = NO;
				DEBUG_INFORMATION_FORMAT = dwarf;
				ENABLE_STRICT_OBJC_MSGSEND = YES;
				ENABLE_TESTABILITY = YES;
				GCC_C_LANGUAGE_STANDARD = gnu11;
				GCC_DYNAMIC_NO_PIC = NO;
				GCC_NO_COMMON_BLOCKS = YES;
				GCC_OPTIMIZATION_LEVEL = 0;
				GCC_PREPROCESSOR_DEFINITIONS = (
					"DEBUG=1",
					"$(inherited)",
				);
				GCC_WARN_64_TO_32_BIT_CONVERSION = YES;
				GCC_WARN_ABOUT_RETURN_TYPE = YES_ERROR;
				GCC_WARN_UNDECLARED_SELECTOR = YES;
				GCC_WARN_UNINITIALIZED_AUTOS = YES_AGGRESSIVE;
				GCC_WARN_UNUSED_FUNCTION = YES;
				GCC_WARN_UNUSED_VARIABLE = YES;
				IPHONEOS_DEPLOYMENT_TARGET = 13.0;
				MTL_ENABLE_DEBUG_INFO = INCLUDE_SOURCE;
				MTL_FAST_MATH = YES;
				ONLY_ACTIVE_ARCH = YES;
				SDKROOT = iphoneos;
				SWIFT_ACTIVE_COMPILATION_CONDITIONS = DEBUG;
				SWIFT_OPTIMIZATION_LEVEL = "-Onone";
			};
			name = Debug;
		};
		7CBB3B5B24CCC9E200401A1D /* Release */ = {
			isa = XCBuildConfiguration;
			buildSettings = {
				ALWAYS_SEARCH_USER_PATHS = NO;
				CLANG_ANALYZER_LOCALIZABILITY_NONLOCALIZED = YES;
				CLANG_ANALYZER_NONNULL = YES;
				CLANG_ANALYZER_NUMBER_OBJECT_CONVERSION = YES_AGGRESSIVE;
				CLANG_CXX_LANGUAGE_STANDARD = "gnu++14";
				CLANG_CXX_LIBRARY = "libc++";
				CLANG_ENABLE_MODULES = YES;
				CLANG_ENABLE_OBJC_ARC = YES;
				CLANG_ENABLE_OBJC_WEAK = YES;
				CLANG_WARN_BLOCK_CAPTURE_AUTORELEASING = YES;
				CLANG_WARN_BOOL_CONVERSION = YES;
				CLANG_WARN_COMMA = YES;
				CLANG_WARN_CONSTANT_CONVERSION = YES;
				CLANG_WARN_DEPRECATED_OBJC_IMPLEMENTATIONS = YES;
				CLANG_WARN_DIRECT_OBJC_ISA_USAGE = YES_ERROR;
				CLANG_WARN_DOCUMENTATION_COMMENTS = YES;
				CLANG_WARN_EMPTY_BODY = YES;
				CLANG_WARN_ENUM_CONVERSION = YES;
				CLANG_WARN_INFINITE_RECURSION = YES;
				CLANG_WARN_INT_CONVERSION = YES;
				CLANG_WARN_NON_LITERAL_NULL_CONVERSION = YES;
				CLANG_WARN_OBJC_IMPLICIT_RETAIN_SELF = YES;
				CLANG_WARN_OBJC_LITERAL_CONVERSION = YES;
				CLANG_WARN_OBJC_ROOT_CLASS = YES_ERROR;
				CLANG_WARN_QUOTED_INCLUDE_IN_FRAMEWORK_HEADER = YES;
				CLANG_WARN_RANGE_LOOP_ANALYSIS = YES;
				CLANG_WARN_STRICT_PROTOTYPES = YES;
				CLANG_WARN_SUSPICIOUS_MOVE = YES;
				CLANG_WARN_UNGUARDED_AVAILABILITY = YES_AGGRESSIVE;
				CLANG_WARN_UNREACHABLE_CODE = YES;
				CLANG_WARN__DUPLICATE_METHOD_MATCH = YES;
				COPY_PHASE_STRIP = NO;
				DEBUG_INFORMATION_FORMAT = "dwarf-with-dsym";
				ENABLE_NS_ASSERTIONS = NO;
				ENABLE_STRICT_OBJC_MSGSEND = YES;
				GCC_C_LANGUAGE_STANDARD = gnu11;
				GCC_NO_COMMON_BLOCKS = YES;
				GCC_WARN_64_TO_32_BIT_CONVERSION = YES;
				GCC_WARN_ABOUT_RETURN_TYPE = YES_ERROR;
				GCC_WARN_UNDECLARED_SELECTOR = YES;
				GCC_WARN_UNINITIALIZED_AUTOS = YES_AGGRESSIVE;
				GCC_WARN_UNUSED_FUNCTION = YES;
				GCC_WARN_UNUSED_VARIABLE = YES;
				IPHONEOS_DEPLOYMENT_TARGET = 13.0;
				MTL_ENABLE_DEBUG_INFO = NO;
				MTL_FAST_MATH = YES;
				SDKROOT = iphoneos;
				SWIFT_COMPILATION_MODE = wholemodule;
				SWIFT_OPTIMIZATION_LEVEL = "-O";
				VALIDATE_PRODUCT = YES;
			};
			name = Release;
		};
		7CBB3B5D24CCC9E200401A1D /* Debug */ = {
			isa = XCBuildConfiguration;
			baseConfigurationReference = 66E7F9A3BA778701FF8991C2 /* Pods-PomodoroApp.debug.xcconfig */;
			buildSettings = {
				ASSETCATALOG_COMPILER_APPICON_NAME = AppIcon;
				CODE_SIGN_STYLE = Automatic;
				CURRENT_PROJECT_VERSION = 1.0.1;
				DEVELOPMENT_ASSET_PATHS = "\"PomodoroApp/Preview Content\"";
				DEVELOPMENT_TEAM = 47JGA6NAP2;
				ENABLE_PREVIEWS = YES;
				INFOPLIST_FILE = PomodoroApp/Info.plist;
				LD_RUNPATH_SEARCH_PATHS = (
					"$(inherited)",
					"@executable_path/Frameworks",
				);
				MARKETING_VERSION = 1.0.0;
				PRODUCT_BUNDLE_IDENTIFIER = Suto.Kotaro.PomodoroApp;
				PRODUCT_NAME = "$(TARGET_NAME)";
				SWIFT_VERSION = 5.0;
				TARGETED_DEVICE_FAMILY = "1,2";
			};
			name = Debug;
		};
		7CBB3B5E24CCC9E200401A1D /* Release */ = {
			isa = XCBuildConfiguration;
			baseConfigurationReference = A28557C6169F0773570D0403 /* Pods-PomodoroApp.release.xcconfig */;
			buildSettings = {
				ASSETCATALOG_COMPILER_APPICON_NAME = AppIcon;
				CODE_SIGN_STYLE = Automatic;
				CURRENT_PROJECT_VERSION = 1.0.1;
				DEVELOPMENT_ASSET_PATHS = "\"PomodoroApp/Preview Content\"";
				DEVELOPMENT_TEAM = 47JGA6NAP2;
				ENABLE_PREVIEWS = YES;
				INFOPLIST_FILE = PomodoroApp/Info.plist;
				LD_RUNPATH_SEARCH_PATHS = (
					"$(inherited)",
					"@executable_path/Frameworks",
				);
				MARKETING_VERSION = 1.0.0;
				PRODUCT_BUNDLE_IDENTIFIER = Suto.Kotaro.PomodoroApp;
				PRODUCT_NAME = "$(TARGET_NAME)";
				SWIFT_VERSION = 5.0;
				TARGETED_DEVICE_FAMILY = "1,2";
			};
			name = Release;
		};
		7CBB3B6024CCC9E200401A1D /* Debug */ = {
			isa = XCBuildConfiguration;
			baseConfigurationReference = 69CAE2FAC33844254DD2D917 /* Pods-PomodoroAppTests.debug.xcconfig */;
			buildSettings = {
				ALWAYS_EMBED_SWIFT_STANDARD_LIBRARIES = YES;
				BUNDLE_LOADER = "$(TEST_HOST)";
				CODE_SIGN_STYLE = Automatic;
				DEVELOPMENT_TEAM = 47JGA6NAP2;
				INFOPLIST_FILE = PomodoroAppTests/Info.plist;
				IPHONEOS_DEPLOYMENT_TARGET = 13.4;
				LD_RUNPATH_SEARCH_PATHS = (
					"$(inherited)",
					"@executable_path/Frameworks",
					"@loader_path/Frameworks",
				);
				PRODUCT_BUNDLE_IDENTIFIER = Suto.Kotaro.PomodoroAppTests;
				PRODUCT_NAME = "$(TARGET_NAME)";
				SWIFT_VERSION = 5.0;
				TARGETED_DEVICE_FAMILY = "1,2";
				TEST_HOST = "$(BUILT_PRODUCTS_DIR)/PomodoroApp.app/PomodoroApp";
			};
			name = Debug;
		};
		7CBB3B6124CCC9E200401A1D /* Release */ = {
			isa = XCBuildConfiguration;
			baseConfigurationReference = C9F6E8B4340975EB4B1CDEA0 /* Pods-PomodoroAppTests.release.xcconfig */;
			buildSettings = {
				ALWAYS_EMBED_SWIFT_STANDARD_LIBRARIES = YES;
				BUNDLE_LOADER = "$(TEST_HOST)";
				CODE_SIGN_STYLE = Automatic;
				DEVELOPMENT_TEAM = 47JGA6NAP2;
				INFOPLIST_FILE = PomodoroAppTests/Info.plist;
				IPHONEOS_DEPLOYMENT_TARGET = 13.4;
				LD_RUNPATH_SEARCH_PATHS = (
					"$(inherited)",
					"@executable_path/Frameworks",
					"@loader_path/Frameworks",
				);
				PRODUCT_BUNDLE_IDENTIFIER = Suto.Kotaro.PomodoroAppTests;
				PRODUCT_NAME = "$(TARGET_NAME)";
				SWIFT_VERSION = 5.0;
				TARGETED_DEVICE_FAMILY = "1,2";
				TEST_HOST = "$(BUILT_PRODUCTS_DIR)/PomodoroApp.app/PomodoroApp";
			};
			name = Release;
		};
		7CBB3B6324CCC9E200401A1D /* Debug */ = {
			isa = XCBuildConfiguration;
			baseConfigurationReference = C484E59D88EFD258EFE20170 /* Pods-PomodoroApp-PomodoroAppUITests.debug.xcconfig */;
			buildSettings = {
				ALWAYS_EMBED_SWIFT_STANDARD_LIBRARIES = YES;
				CODE_SIGN_STYLE = Automatic;
				DEVELOPMENT_TEAM = 47JGA6NAP2;
				INFOPLIST_FILE = PomodoroAppUITests/Info.plist;
				LD_RUNPATH_SEARCH_PATHS = (
					"$(inherited)",
					"@executable_path/Frameworks",
					"@loader_path/Frameworks",
				);
				PRODUCT_BUNDLE_IDENTIFIER = Suto.Kotaro.PomodoroAppUITests;
				PRODUCT_NAME = "$(TARGET_NAME)";
				SWIFT_VERSION = 5.0;
				TARGETED_DEVICE_FAMILY = "1,2";
				TEST_TARGET_NAME = PomodoroApp;
			};
			name = Debug;
		};
		7CBB3B6424CCC9E200401A1D /* Release */ = {
			isa = XCBuildConfiguration;
			baseConfigurationReference = ACD8167DCEB35574DCA97568 /* Pods-PomodoroApp-PomodoroAppUITests.release.xcconfig */;
			buildSettings = {
				ALWAYS_EMBED_SWIFT_STANDARD_LIBRARIES = YES;
				CODE_SIGN_STYLE = Automatic;
				DEVELOPMENT_TEAM = 47JGA6NAP2;
				INFOPLIST_FILE = PomodoroAppUITests/Info.plist;
				LD_RUNPATH_SEARCH_PATHS = (
					"$(inherited)",
					"@executable_path/Frameworks",
					"@loader_path/Frameworks",
				);
				PRODUCT_BUNDLE_IDENTIFIER = Suto.Kotaro.PomodoroAppUITests;
				PRODUCT_NAME = "$(TARGET_NAME)";
				SWIFT_VERSION = 5.0;
				TARGETED_DEVICE_FAMILY = "1,2";
				TEST_TARGET_NAME = PomodoroApp;
			};
			name = Release;
		};
/* End XCBuildConfiguration section */

/* Begin XCConfigurationList section */
		7CBB3B2D24CCC9E000401A1D /* Build configuration list for PBXProject "PomodoroApp" */ = {
			isa = XCConfigurationList;
			buildConfigurations = (
				7CBB3B5A24CCC9E200401A1D /* Debug */,
				7CBB3B5B24CCC9E200401A1D /* Release */,
			);
			defaultConfigurationIsVisible = 0;
			defaultConfigurationName = Release;
		};
		7CBB3B5C24CCC9E200401A1D /* Build configuration list for PBXNativeTarget "PomodoroApp" */ = {
			isa = XCConfigurationList;
			buildConfigurations = (
				7CBB3B5D24CCC9E200401A1D /* Debug */,
				7CBB3B5E24CCC9E200401A1D /* Release */,
			);
			defaultConfigurationIsVisible = 0;
			defaultConfigurationName = Release;
		};
		7CBB3B5F24CCC9E200401A1D /* Build configuration list for PBXNativeTarget "PomodoroAppTests" */ = {
			isa = XCConfigurationList;
			buildConfigurations = (
				7CBB3B6024CCC9E200401A1D /* Debug */,
				7CBB3B6124CCC9E200401A1D /* Release */,
			);
			defaultConfigurationIsVisible = 0;
			defaultConfigurationName = Release;
		};
		7CBB3B6224CCC9E200401A1D /* Build configuration list for PBXNativeTarget "PomodoroAppUITests" */ = {
			isa = XCConfigurationList;
			buildConfigurations = (
				7CBB3B6324CCC9E200401A1D /* Debug */,
				7CBB3B6424CCC9E200401A1D /* Release */,
			);
			defaultConfigurationIsVisible = 0;
			defaultConfigurationName = Release;
		};
/* End XCConfigurationList section */
	};
	rootObject = 7CBB3B2A24CCC9E000401A1D /* Project object */;
}
